
Microsoft Visual Studio Solution File, Format Version 12.00
# Visual Studio Version 17
VisualStudioVersion = 17.10.35013.160
MinimumVisualStudioVersion = 10.0.40219.1
Project("{FAE04EC0-301F-11D3-BF4B-00C04F79EFBC}") = "InventarioWasm", "InventarioWasm.csproj", "{BE4E56E1-0634-46AC-A6C2-831ECCB507B0}"
EndProject
Global
	GlobalSection(SolutionConfigurationPlatforms) = preSolution
		Debug|Any CPU = Debug|Any CPU
		Release|Any CPU = Release|Any CPU
	EndGlobalSection
	GlobalSection(ProjectConfigurationPlatforms) = postSolution
		{BE4E56E1-0634-46AC-A6C2-831ECCB507B0}.Debug|Any CPU.ActiveCfg = Debug|Any CPU
		{BE4E56E1-0634-46AC-A6C2-831ECCB507B0}.Debug|Any CPU.Build.0 = Debug|Any CPU
		{BE4E56E1-0634-46AC-A6C2-831ECCB507B0}.Release|Any CPU.ActiveCfg = Release|Any CPU
		{BE4E56E1-0634-46AC-A6C2-831ECCB507B0}.Release|Any CPU.Build.0 = Release|Any CPU
	EndGlobalSection
	GlobalSection(SolutionProperties) = preSolution
		HideSolutionNode = FALSE
	EndGlobalSection
	GlobalSection(ExtensibilityGlobals) = postSolution
		SolutionGuid = {18A4E22D-2687-4279-9827-98259FDFD634}
	EndGlobalSection
EndGlobal
